// !$*UTF8*$!
{
	archiveVersion = 1;
	classes = {
	};
	objectVersion = 50;
	objects = {

/* Begin PBXBuildFile section */
		222283EC22AC386200D48E0F /* AppDelegate.swift in Sources */ = {isa = PBXBuildFile; fileRef = 222283EB22AC386200D48E0F /* AppDelegate.swift */; };
		222283F122AC386200D48E0F /* Main.storyboard in Resources */ = {isa = PBXBuildFile; fileRef = 222283EF22AC386200D48E0F /* Main.storyboard */; };
		222283F322AC386300D48E0F /* Assets.xcassets in Resources */ = {isa = PBXBuildFile; fileRef = 222283F222AC386300D48E0F /* Assets.xcassets */; };
		222283F622AC386300D48E0F /* LaunchScreen.storyboard in Resources */ = {isa = PBXBuildFile; fileRef = 222283F422AC386300D48E0F /* LaunchScreen.storyboard */; };
		222283FE22AC3D3200D48E0F /* MainViewController.swift in Sources */ = {isa = PBXBuildFile; fileRef = 222283FD22AC3D3200D48E0F /* MainViewController.swift */; };
		2222840022AD73C300D48E0F /* CustomTableViewCell.swift in Sources */ = {isa = PBXBuildFile; fileRef = 222283FF22AD73C300D48E0F /* CustomTableViewCell.swift */; };
		2222840222AD77AE00D48E0F /* PlaceModel.swift in Sources */ = {isa = PBXBuildFile; fileRef = 2222840122AD77AE00D48E0F /* PlaceModel.swift */; };
		2222840422AD85D300D48E0F /* NewPlaceViewController.swift in Sources */ = {isa = PBXBuildFile; fileRef = 2222840322AD85D300D48E0F /* NewPlaceViewController.swift */; };
		2222840622AE4B1300D48E0F /* StorageManager.swift in Sources */ = {isa = PBXBuildFile; fileRef = 2222840522AE4B1300D48E0F /* StorageManager.swift */; };
		22F16E5E22AEC99100FEA40D /* RatingControl.swift in Sources */ = {isa = PBXBuildFile; fileRef = 22F16E5D22AEC99100FEA40D /* RatingControl.swift */; };
		22F16E6022AF0E5D00FEA40D /* MapViewController.swift in Sources */ = {isa = PBXBuildFile; fileRef = 22F16E5F22AF0E5D00FEA40D /* MapViewController.swift */; };
		A464EF8C144D41294F6F59EA /* Pods_BestPlaces.framework in Frameworks */ = {isa = PBXBuildFile; fileRef = A8B7EF369E60A000BE379E8A /* Pods_BestPlaces.framework */; };
/* End PBXBuildFile section */

/* Begin PBXFileReference section */
		222283E822AC386200D48E0F /* BestPlaces.app */ = {isa = PBXFileReference; explicitFileType = wrapper.application; includeInIndex = 0; path = BestPlaces.app; sourceTree = BUILT_PRODUCTS_DIR; };
		222283EB22AC386200D48E0F /* AppDelegate.swift */ = {isa = PBXFileReference; lastKnownFileType = sourcecode.swift; path = AppDelegate.swift; sourceTree = "<group>"; };
		222283F022AC386200D48E0F /* Base */ = {isa = PBXFileReference; lastKnownFileType = file.storyboard; name = Base; path = Base.lproj/Main.storyboard; sourceTree = "<group>"; };
		222283F222AC386300D48E0F /* Assets.xcassets */ = {isa = PBXFileReference; lastKnownFileType = folder.assetcatalog; path = Assets.xcassets; sourceTree = "<group>"; };
		222283F522AC386300D48E0F /* Base */ = {isa = PBXFileReference; lastKnownFileType = file.storyboard; name = Base; path = Base.lproj/LaunchScreen.storyboard; sourceTree = "<group>"; };
		222283F722AC386300D48E0F /* Info.plist */ = {isa = PBXFileReference; lastKnownFileType = text.plist.xml; path = Info.plist; sourceTree = "<group>"; };
		222283FD22AC3D3200D48E0F /* MainViewController.swift */ = {isa = PBXFileReference; lastKnownFileType = sourcecode.swift; path = MainViewController.swift; sourceTree = "<group>"; };
		222283FF22AD73C300D48E0F /* CustomTableViewCell.swift */ = {isa = PBXFileReference; lastKnownFileType = sourcecode.swift; path = CustomTableViewCell.swift; sourceTree = "<group>"; };
		2222840122AD77AE00D48E0F /* PlaceModel.swift */ = {isa = PBXFileReference; lastKnownFileType = sourcecode.swift; path = PlaceModel.swift; sourceTree = "<group>"; };
		2222840322AD85D300D48E0F /* NewPlaceViewController.swift */ = {isa = PBXFileReference; lastKnownFileType = sourcecode.swift; path = NewPlaceViewController.swift; sourceTree = "<group>"; };
		2222840522AE4B1300D48E0F /* StorageManager.swift */ = {isa = PBXFileReference; lastKnownFileType = sourcecode.swift; path = StorageManager.swift; sourceTree = "<group>"; };
		22F16E5D22AEC99100FEA40D /* RatingControl.swift */ = {isa = PBXFileReference; lastKnownFileType = sourcecode.swift; path = RatingControl.swift; sourceTree = "<group>"; };
		22F16E5F22AF0E5D00FEA40D /* MapViewController.swift */ = {isa = PBXFileReference; lastKnownFileType = sourcecode.swift; path = MapViewController.swift; sourceTree = "<group>"; };
		4061E2E54D127C3827513EA3 /* Pods-BestPlaces.debug.xcconfig */ = {isa = PBXFileReference; includeInIndex = 1; lastKnownFileType = text.xcconfig; name = "Pods-BestPlaces.debug.xcconfig"; path = "Pods/Target Support Files/Pods-BestPlaces/Pods-BestPlaces.debug.xcconfig"; sourceTree = "<group>"; };
		A8B7EF369E60A000BE379E8A /* Pods_BestPlaces.framework */ = {isa = PBXFileReference; explicitFileType = wrapper.framework; includeInIndex = 0; path = Pods_BestPlaces.framework; sourceTree = BUILT_PRODUCTS_DIR; };
		E6111CB9292311984C41A605 /* Pods-BestPlaces.release.xcconfig */ = {isa = PBXFileReference; includeInIndex = 1; lastKnownFileType = text.xcconfig; name = "Pods-BestPlaces.release.xcconfig"; path = "Pods/Target Support Files/Pods-BestPlaces/Pods-BestPlaces.release.xcconfig"; sourceTree = "<group>"; };
/* End PBXFileReference section */

/* Begin PBXFrameworksBuildPhase section */
		222283E522AC386200D48E0F /* Frameworks */ = {
			isa = PBXFrameworksBuildPhase;
			buildActionMask = 2147483647;
			files = (
				A464EF8C144D41294F6F59EA /* Pods_BestPlaces.framework in Frameworks */,
			);
			runOnlyForDeploymentPostprocessing = 0;
		};
/* End PBXFrameworksBuildPhase section */

/* Begin PBXGroup section */
		222283DF22AC386200D48E0F = {
			isa = PBXGroup;
			children = (
				222283EA22AC386200D48E0F /* BestPlaces */,
				222283E922AC386200D48E0F /* Products */,
				439D45346FED2C89C8FF5BBB /* Pods */,
				D1386E1051F1EB781FACAC14 /* Frameworks */,
			);
			sourceTree = "<group>";
		};
		222283E922AC386200D48E0F /* Products */ = {
			isa = PBXGroup;
			children = (
				222283E822AC386200D48E0F /* BestPlaces.app */,
			);
			name = Products;
			sourceTree = "<group>";
		};
		222283EA22AC386200D48E0F /* BestPlaces */ = {
			isa = PBXGroup;
			children = (
				222283EB22AC386200D48E0F /* AppDelegate.swift */,
				222283EF22AC386200D48E0F /* Main.storyboard */,
				222283F222AC386300D48E0F /* Assets.xcassets */,
				222283F422AC386300D48E0F /* LaunchScreen.storyboard */,
				222283F722AC386300D48E0F /* Info.plist */,
				222283FD22AC3D3200D48E0F /* MainViewController.swift */,
				222283FF22AD73C300D48E0F /* CustomTableViewCell.swift */,
				2222840122AD77AE00D48E0F /* PlaceModel.swift */,
				2222840322AD85D300D48E0F /* NewPlaceViewController.swift */,
				2222840522AE4B1300D48E0F /* StorageManager.swift */,
				22F16E5D22AEC99100FEA40D /* RatingControl.swift */,
				22F16E5F22AF0E5D00FEA40D /* MapViewController.swift */,
			);
			path = BestPlaces;
			sourceTree = "<group>";
		};
		439D45346FED2C89C8FF5BBB /* Pods */ = {
			isa = PBXGroup;
			children = (
				4061E2E54D127C3827513EA3 /* Pods-BestPlaces.debug.xcconfig */,
				E6111CB9292311984C41A605 /* Pods-BestPlaces.release.xcconfig */,
			);
			name = Pods;
			sourceTree = "<group>";
		};
		D1386E1051F1EB781FACAC14 /* Frameworks */ = {
			isa = PBXGroup;
			children = (
				A8B7EF369E60A000BE379E8A /* Pods_BestPlaces.framework */,
			);
			name = Frameworks;
			sourceTree = "<group>";
		};
/* End PBXGroup section */

/* Begin PBXNativeTarget section */
		222283E722AC386200D48E0F /* BestPlaces */ = {
			isa = PBXNativeTarget;
			buildConfigurationList = 222283FA22AC386300D48E0F /* Build configuration list for PBXNativeTarget "BestPlaces" */;
			buildPhases = (
				A5F9266910B343172B7A8A3B /* [CP] Check Pods Manifest.lock */,
				222283E422AC386200D48E0F /* Sources */,
				222283E522AC386200D48E0F /* Frameworks */,
				222283E622AC386200D48E0F /* Resources */,
				333929B7E47EF53ADE5AEFC8 /* [CP] Embed Pods Frameworks */,
			);
			buildRules = (
			);
			dependencies = (
			);
			name = BestPlaces;
			productName = BestPlaces;
			productReference = 222283E822AC386200D48E0F /* BestPlaces.app */;
			productType = "com.apple.product-type.application";
		};
/* End PBXNativeTarget section */

/* Begin PBXProject section */
		222283E022AC386200D48E0F /* Project object */ = {
			isa = PBXProject;
			attributes = {
				LastSwiftUpdateCheck = 1010;
				LastUpgradeCheck = 1010;
				ORGANIZATIONNAME = "TVI Software";
				TargetAttributes = {
					222283E722AC386200D48E0F = {
						CreatedOnToolsVersion = 10.1;
					};
				};
			};
			buildConfigurationList = 222283E322AC386200D48E0F /* Build configuration list for PBXProject "BestPlaces" */;
			compatibilityVersion = "Xcode 9.3";
			developmentRegion = en;
			hasScannedForEncodings = 0;
			knownRegions = (
				en,
				Base,
			);
			mainGroup = 222283DF22AC386200D48E0F;
			productRefGroup = 222283E922AC386200D48E0F /* Products */;
			projectDirPath = "";
			projectRoot = "";
			targets = (
				222283E722AC386200D48E0F /* BestPlaces */,
			);
		};
/* End PBXProject section */

/* Begin PBXResourcesBuildPhase section */
		222283E622AC386200D48E0F /* Resources */ = {
			isa = PBXResourcesBuildPhase;
			buildActionMask = 2147483647;
			files = (
				222283F622AC386300D48E0F /* LaunchScreen.storyboard in Resources */,
				222283F322AC386300D48E0F /* Assets.xcassets in Resources */,
				222283F122AC386200D48E0F /* Main.storyboard in Resources */,
			);
			runOnlyForDeploymentPostprocessing = 0;
		};
/* End PBXResourcesBuildPhase section */

/* Begin PBXShellScriptBuildPhase section */
		333929B7E47EF53ADE5AEFC8 /* [CP] Embed Pods Frameworks */ = {
			isa = PBXShellScriptBuildPhase;
			buildActionMask = 2147483647;
			files = (
			);
			inputFileListPaths = (
			);
			inputPaths = (
				"${SRCROOT}/Pods/Target Support Files/Pods-BestPlaces/Pods-BestPlaces-frameworks.sh",
				"${BUILT_PRODUCTS_DIR}/Cosmos/Cosmos.framework",
				"${BUILT_PRODUCTS_DIR}/Realm/Realm.framework",
				"${BUILT_PRODUCTS_DIR}/RealmSwift/RealmSwift.framework",
			);
			name = "[CP] Embed Pods Frameworks";
			outputFileListPaths = (
			);
			outputPaths = (
				"${TARGET_BUILD_DIR}/${FRAMEWORKS_FOLDER_PATH}/Cosmos.framework",
				"${TARGET_BUILD_DIR}/${FRAMEWORKS_FOLDER_PATH}/Realm.framework",
				"${TARGET_BUILD_DIR}/${FRAMEWORKS_FOLDER_PATH}/RealmSwift.framework",
			);
			runOnlyForDeploymentPostprocessing = 0;
			shellPath = /bin/sh;
			shellScript = "\"${SRCROOT}/Pods/Target Support Files/Pods-BestPlaces/Pods-BestPlaces-frameworks.sh\"\n";
			showEnvVarsInLog = 0;
		};
		A5F9266910B343172B7A8A3B /* [CP] Check Pods Manifest.lock */ = {
			isa = PBXShellScriptBuildPhase;
			buildActionMask = 2147483647;
			files = (
			);
			inputFileListPaths = (
			);
			inputPaths = (
				"${PODS_PODFILE_DIR_PATH}/Podfile.lock",
				"${PODS_ROOT}/Manifest.lock",
			);
			name = "[CP] Check Pods Manifest.lock";
			outputFileListPaths = (
			);
			outputPaths = (
				"$(DERIVED_FILE_DIR)/Pods-BestPlaces-checkManifestLockResult.txt",
			);
			runOnlyForDeploymentPostprocessing = 0;
			shellPath = /bin/sh;
			shellScript = "diff \"${PODS_PODFILE_DIR_PATH}/Podfile.lock\" \"${PODS_ROOT}/Manifest.lock\" > /dev/null\nif [ $? != 0 ] ; then\n    # print error to STDERR\n    echo \"error: The sandbox is not in sync with the Podfile.lock. Run 'pod install' or update your CocoaPods installation.\" >&2\n    exit 1\nfi\n# This output is used by Xcode 'outputs' to avoid re-running this script phase.\necho \"SUCCESS\" > \"${SCRIPT_OUTPUT_FILE_0}\"\n";
			showEnvVarsInLog = 0;
		};
/* End PBXShellScriptBuildPhase section */

/* Begin PBXSourcesBuildPhase section */
		222283E422AC386200D48E0F /* Sources */ = {
			isa = PBXSourcesBuildPhase;
			buildActionMask = 2147483647;
			files = (
				22F16E5E22AEC99100FEA40D /* RatingControl.swift in Sources */,
				2222840022AD73C300D48E0F /* CustomTableViewCell.swift in Sources */,
				2222840222AD77AE00D48E0F /* PlaceModel.swift in Sources */,
				2222840422AD85D300D48E0F /* NewPlaceViewController.swift in Sources */,
				2222840622AE4B1300D48E0F /* StorageManager.swift in Sources */,
				222283EC22AC386200D48E0F /* AppDelegate.swift in Sources */,
				222283FE22AC3D3200D48E0F /* MainViewController.swift in Sources */,
				22F16E6022AF0E5D00FEA40D /* MapViewController.swift in Sources */,
			);
			runOnlyForDeploymentPostprocessing = 0;
		};
/* End PBXSourcesBuildPhase section */

/* Begin PBXVariantGroup section */
		222283EF22AC386200D48E0F /* Main.storyboard */ = {
			isa = PBXVariantGroup;
			children = (
				222283F022AC386200D48E0F /* Base */,
			);
			name = Main.storyboard;
			sourceTree = "<group>";
		};
		222283F422AC386300D48E0F /* LaunchScreen.storyboard */ = {
			isa = PBXVariantGroup;
			children = (
				222283F522AC386300D48E0F /* Base */,
			);
			name = LaunchScreen.storyboard;
			sourceTree = "<group>";
		};
/* End PBXVariantGroup section */

/* Begin XCBuildConfiguration section */
		222283F822AC386300D48E0F /* Debug */ = {
			isa = XCBuildConfiguration;
			buildSettings = {
				ALWAYS_SEARCH_USER_PATHS = NO;
				CLANG_ANALYZER_NONNULL = YES;
				CLANG_ANALYZER_NUMBER_OBJECT_CONVERSION = YES_AGGRESSIVE;
				CLANG_CXX_LANGUAGE_STANDARD = "gnu++14";
				CLANG_CXX_LIBRARY = "libc++";
				CLANG_ENABLE_MODULES = YES;
				CLANG_ENABLE_OBJC_ARC = YES;
				CLANG_ENABLE_OBJC_WEAK = YES;
				CLANG_WARN_BLOCK_CAPTURE_AUTORELEASING = YES;
				CLANG_WARN_BOOL_CONVERSION = YES;
				CLANG_WARN_COMMA = YES;
				CLANG_WARN_CONSTANT_CONVERSION = YES;
				CLANG_WARN_DEPRECATED_OBJC_IMPLEMENTATIONS = YES;
				CLANG_WARN_DIRECT_OBJC_ISA_USAGE = YES_ERROR;
				CLANG_WARN_DOCUMENTATION_COMMENTS = YES;
				CLANG_WARN_EMPTY_BODY = YES;
				CLANG_WARN_ENUM_CONVERSION = YES;
				CLANG_WARN_INFINITE_RECURSION = YES;
				CLANG_WARN_INT_CONVERSION = YES;
				CLANG_WARN_NON_LITERAL_NULL_CONVERSION = YES;
				CLANG_WARN_OBJC_IMPLICIT_RETAIN_SELF = YES;
				CLANG_WARN_OBJC_LITERAL_CONVERSION = YES;
				CLANG_WARN_OBJC_ROOT_CLASS = YES_ERROR;
				CLANG_WARN_RANGE_LOOP_ANALYSIS = YES;
				CLANG_WARN_STRICT_PROTOTYPES = YES;
				CLANG_WARN_SUSPICIOUS_MOVE = YES;
				CLANG_WARN_UNGUARDED_AVAILABILITY = YES_AGGRESSIVE;
				CLANG_WARN_UNREACHABLE_CODE = YES;
				CLANG_WARN__DUPLICATE_METHOD_MATCH = YES;
				CODE_SIGN_IDENTITY = "iPhone Developer";
				COPY_PHASE_STRIP = NO;
				DEBUG_INFORMATION_FORMAT = dwarf;
				ENABLE_STRICT_OBJC_MSGSEND = YES;
				ENABLE_TESTABILITY = YES;
				GCC_C_LANGUAGE_STANDARD = gnu11;
				GCC_DYNAMIC_NO_PIC = NO;
				GCC_NO_COMMON_BLOCKS = YES;
				GCC_OPTIMIZATION_LEVEL = 0;
				GCC_PREPROCESSOR_DEFINITIONS = (
					"DEBUG=1",
					"$(inherited)",
				);
				GCC_WARN_64_TO_32_BIT_CONVERSION = YES;
				GCC_WARN_ABOUT_RETURN_TYPE = YES_ERROR;
				GCC_WARN_UNDECLARED_SELECTOR = YES;
				GCC_WARN_UNINITIALIZED_AUTOS = YES_AGGRESSIVE;
				GCC_WARN_UNUSED_FUNCTION = YES;
				GCC_WARN_UNUSED_VARIABLE = YES;
				IPHONEOS_DEPLOYMENT_TARGET = 12.1;
				MTL_ENABLE_DEBUG_INFO = INCLUDE_SOURCE;
				MTL_FAST_MATH = YES;
				ONLY_ACTIVE_ARCH = YES;
				SDKROOT = iphoneos;
				SWIFT_ACTIVE_COMPILATION_CONDITIONS = DEBUG;
				SWIFT_OPTIMIZATION_LEVEL = "-Onone";
			};
			name = Debug;
		};
		222283F922AC386300D48E0F /* Release */ = {
			isa = XCBuildConfiguration;
			buildSettings = {
				ALWAYS_SEARCH_USER_PATHS = NO;
				CLANG_ANALYZER_NONNULL = YES;
				CLANG_ANALYZER_NUMBER_OBJECT_CONVERSION = YES_AGGRESSIVE;
				CLANG_CXX_LANGUAGE_STANDARD = "gnu++14";
				CLANG_CXX_LIBRARY = "libc++";
				CLANG_ENABLE_MODULES = YES;
				CLANG_ENABLE_OBJC_ARC = YES;
				CLANG_ENABLE_OBJC_WEAK = YES;
				CLANG_WARN_BLOCK_CAPTURE_AUTORELEASING = YES;
				CLANG_WARN_BOOL_CONVERSION = YES;
				CLANG_WARN_COMMA = YES;
				CLANG_WARN_CONSTANT_CONVERSION = YES;
				CLANG_WARN_DEPRECATED_OBJC_IMPLEMENTATIONS = YES;
				CLANG_WARN_DIRECT_OBJC_ISA_USAGE = YES_ERROR;
				CLANG_WARN_DOCUMENTATION_COMMENTS = YES;
				CLANG_WARN_EMPTY_BODY = YES;
				CLANG_WARN_ENUM_CONVERSION = YES;
				CLANG_WARN_INFINITE_RECURSION = YES;
				CLANG_WARN_INT_CONVERSION = YES;
				CLANG_WARN_NON_LITERAL_NULL_CONVERSION = YES;
				CLANG_WARN_OBJC_IMPLICIT_RETAIN_SELF = YES;
				CLANG_WARN_OBJC_LITERAL_CONVERSION = YES;
				CLANG_WARN_OBJC_ROOT_CLASS = YES_ERROR;
				CLANG_WARN_RANGE_LOOP_ANALYSIS = YES;
				CLANG_WARN_STRICT_PROTOTYPES = YES;
				CLANG_WARN_SUSPICIOUS_MOVE = YES;
				CLANG_WARN_UNGUARDED_AVAILABILITY = YES_AGGRESSIVE;
				CLANG_WARN_UNREACHABLE_CODE = YES;
				CLANG_WARN__DUPLICATE_METHOD_MATCH = YES;
				CODE_SIGN_IDENTITY = "iPhone Developer";
				COPY_PHASE_STRIP = NO;
				DEBUG_INFORMATION_FORMAT = "dwarf-with-dsym";
				ENABLE_NS_ASSERTIONS = NO;
				ENABLE_STRICT_OBJC_MSGSEND = YES;
				GCC_C_LANGUAGE_STANDARD = gnu11;
				GCC_NO_COMMON_BLOCKS = YES;
				GCC_WARN_64_TO_32_BIT_CONVERSION = YES;
				GCC_WARN_ABOUT_RETURN_TYPE = YES_ERROR;
				GCC_WARN_UNDECLARED_SELECTOR = YES;
				GCC_WARN_UNINITIALIZED_AUTOS = YES_AGGRESSIVE;
				GCC_WARN_UNUSED_FUNCTION = YES;
				GCC_WARN_UNUSED_VARIABLE = YES;
				IPHONEOS_DEPLOYMENT_TARGET = 12.1;
				MTL_ENABLE_DEBUG_INFO = NO;
				MTL_FAST_MATH = YES;
				SDKROOT = iphoneos;
				SWIFT_COMPILATION_MODE = wholemodule;
				SWIFT_OPTIMIZATION_LEVEL = "-O";
				VALIDATE_PRODUCT = YES;
			};
			name = Release;
		};
		222283FB22AC386300D48E0F /* Debug */ = {
			isa = XCBuildConfiguration;
			baseConfigurationReference = 4061E2E54D127C3827513EA3 /* Pods-BestPlaces.debug.xcconfig */;
			buildSettings = {
				ASSETCATALOG_COMPILER_APPICON_NAME = AppIcon;
				CODE_SIGN_STYLE = Automatic;
				DEVELOPMENT_TEAM = J263FHT7P8;
				INFOPLIST_FILE = BestPlaces/Info.plist;
				IPHONEOS_DEPLOYMENT_TARGET = 12.1;
				LD_RUNPATH_SEARCH_PATHS = (
					"$(inherited)",
					"@executable_path/Frameworks",
				);
				PRODUCT_BUNDLE_IDENTIFIER = "hello-Project.com.tvisoftware.BestPlaces";
				PRODUCT_NAME = "$(TARGET_NAME)";
				SWIFT_VERSION = 4.2;
				TARGETED_DEVICE_FAMILY = "1,2";
			};
			name = Debug;
		};
		222283FC22AC386300D48E0F /* Release */ = {
			isa = XCBuildConfiguration;
			baseConfigurationReference = E6111CB9292311984C41A605 /* Pods-BestPlaces.release.xcconfig */;
			buildSettings = {
				ASSETCATALOG_COMPILER_APPICON_NAME = AppIcon;
				CODE_SIGN_STYLE = Automatic;
				DEVELOPMENT_TEAM = J263FHT7P8;
				INFOPLIST_FILE = BestPlaces/Info.plist;
				IPHONEOS_DEPLOYMENT_TARGET = 12.1;
				LD_RUNPATH_SEARCH_PATHS = (
					"$(inherited)",
					"@executable_path/Frameworks",
				);
				PRODUCT_BUNDLE_IDENTIFIER = "hello-Project.com.tvisoftware.BestPlaces";
				PRODUCT_NAME = "$(TARGET_NAME)";
				SWIFT_VERSION = 4.2;
				TARGETED_DEVICE_FAMILY = "1,2";
			};
			name = Release;
		};
/* End XCBuildConfiguration section */

/* Begin XCConfigurationList section */
		222283E322AC386200D48E0F /* Build configuration list for PBXProject "BestPlaces" */ = {
			isa = XCConfigurationList;
			buildConfigurations = (
				222283F822AC386300D48E0F /* Debug */,
				222283F922AC386300D48E0F /* Release */,
			);
			defaultConfigurationIsVisible = 0;
			defaultConfigurationName = Release;
		};
		222283FA22AC386300D48E0F /* Build configuration list for PBXNativeTarget "BestPlaces" */ = {
			isa = XCConfigurationList;
			buildConfigurations = (
				222283FB22AC386300D48E0F /* Debug */,
				222283FC22AC386300D48E0F /* Release */,
			);
			defaultConfigurationIsVisible = 0;
			defaultConfigurationName = Release;
		};
/* End XCConfigurationList section */
	};
	rootObject = 222283E022AC386200D48E0F /* Project object */;
}
